Microsoft Visual Studio Solution File, Format Version 8.00
Project("{FAE04EC0-301F-11D3-BF4B-00C04F79EFBC}") = "TestAccessibility", "TestAccessibility.csproj", "{2A8E627E-3D95-4C67-9D37-7CC0EB9F36C5}"
	ProjectSection(ProjectDependencies) = postProject
	EndProjectSection
EndProject
Global
	GlobalSection(SolutionConfiguration) = preSolution
		Debug = Debug
		Release = Release
	EndGlobalSection
	GlobalSection(ProjectConfiguration) = postSolution
		{2A8E627E-3D95-4C67-9D37-7CC0EB9F36C5}.Debug.ActiveCfg = Debug|.NET
		{2A8E627E-3D95-4C67-9D37-7CC0EB9F36C5}.Debug.Build.0 = Debug|.NET
		{2A8E627E-3D95-4C67-9D37-7CC0EB9F36C5}.Release.ActiveCfg = Release|.NET
		{2A8E627E-3D95-4C67-9D37-7CC0EB9F36C5}.Release.Build.0 = Release|.NET
	EndGlobalSection
	GlobalSection(ExtensibilityGlobals) = postSolution
	EndGlobalSection
	GlobalSection(ExtensibilityAddIns) = postSolution
	EndGlobalSection
EndGlobal
