Microsoft Visual Studio Solution File, Format Version 8.00
Project("{FAE04EC0-301F-11D3-BF4B-00C04F79EFBC}") = "ColorsAndFonts", "ColorsAndFonts.csproj", "{23749BD1-807A-4461-9C12-88DB9B5B95B7}"
	ProjectSection(ProjectDependencies) = postProject
	EndProjectSection
EndProject
Global
	GlobalSection(SolutionConfiguration) = preSolution
		Debug = Debug
		Release = Release
	EndGlobalSection
	GlobalSection(ProjectConfiguration) = postSolution
		{23749BD1-807A-4461-9C12-88DB9B5B95B7}.Debug.ActiveCfg = Debug|.NET
		{23749BD1-807A-4461-9C12-88DB9B5B95B7}.Debug.Build.0 = Debug|.NET
		{23749BD1-807A-4461-9C12-88DB9B5B95B7}.Release.ActiveCfg = Release|.NET
		{23749BD1-807A-4461-9C12-88DB9B5B95B7}.Release.Build.0 = Release|.NET
	EndGlobalSection
	GlobalSection(ExtensibilityGlobals) = postSolution
	EndGlobalSection
	GlobalSection(ExtensibilityAddIns) = postSolution
	EndGlobalSection
EndGlobal
