Microsoft Visual Studio Solution File, Format Version 8.00
Project("{FAE04EC0-301F-11D3-BF4B-00C04F79EFBC}") = "AccessSettings", "AccessSettings.csproj", "{22C6579F-B8E7-43B0-B07D-79D3BCEAAC97}"
	ProjectSection(ProjectDependencies) = postProject
	EndProjectSection
EndProject
Global
	GlobalSection(SolutionConfiguration) = preSolution
		Debug = Debug
		Release = Release
	EndGlobalSection
	GlobalSection(ProjectConfiguration) = postSolution
		{22C6579F-B8E7-43B0-B07D-79D3BCEAAC97}.Debug.ActiveCfg = Debug|.NET
		{22C6579F-B8E7-43B0-B07D-79D3BCEAAC97}.Debug.Build.0 = Debug|.NET
		{22C6579F-B8E7-43B0-B07D-79D3BCEAAC97}.Release.ActiveCfg = Release|.NET
		{22C6579F-B8E7-43B0-B07D-79D3BCEAAC97}.Release.Build.0 = Release|.NET
	EndGlobalSection
	GlobalSection(ExtensibilityGlobals) = postSolution
	EndGlobalSection
	GlobalSection(ExtensibilityAddIns) = postSolution
	EndGlobalSection
EndGlobal
