Microsoft Visual Studio Solution File, Format Version 8.00
Project("{FAE04EC0-301F-11D3-BF4B-00C04F79EFBC}") = "AccControl", "AccControl.csproj", "{C35956A8-14C6-45BB-98FA-673999F5A21C}"
	ProjectSection(ProjectDependencies) = postProject
	EndProjectSection
EndProject
Global
	GlobalSection(SolutionConfiguration) = preSolution
		Debug = Debug
		Release = Release
	EndGlobalSection
	GlobalSection(ProjectConfiguration) = postSolution
		{C35956A8-14C6-45BB-98FA-673999F5A21C}.Debug.ActiveCfg = Debug|.NET
		{C35956A8-14C6-45BB-98FA-673999F5A21C}.Debug.Build.0 = Debug|.NET
		{C35956A8-14C6-45BB-98FA-673999F5A21C}.Release.ActiveCfg = Release|.NET
		{C35956A8-14C6-45BB-98FA-673999F5A21C}.Release.Build.0 = Release|.NET
	EndGlobalSection
	GlobalSection(ExtensibilityGlobals) = postSolution
	EndGlobalSection
	GlobalSection(ExtensibilityAddIns) = postSolution
	EndGlobalSection
EndGlobal
